
Microsoft Visual Studio Solution File, Format Version 12.00
# Visual Studio 15
VisualStudioVersion = 15.0.27130.2010
MinimumVisualStudioVersion = 10.0.40219.1
Project("{FAE04EC0-301F-11D3-BF4B-00C04F79EFBC}") = "FileScriber", "FileScriber\FileScriber.csproj", "{D777196F-E4AD-4FD1-ABBE-FB1F83B3133C}"
EndProject
Project("{FAE04EC0-301F-11D3-BF4B-00C04F79EFBC}") = "FileScriberTest", "FileScriberTest\FileScriberTest.csproj", "{582C6265-1194-4A28-ADF8-743FBE4B4A4B}"
EndProject
Global
	GlobalSection(SolutionConfigurationPlatforms) = preSolution
		Debug|Any CPU = Debug|Any CPU
		Release|Any CPU = Release|Any CPU
	EndGlobalSection
	GlobalSection(ProjectConfigurationPlatforms) = postSolution
		{D777196F-E4AD-4FD1-ABBE-FB1F83B3133C}.Debug|Any CPU.ActiveCfg = Debug|Any CPU
		{D777196F-E4AD-4FD1-ABBE-FB1F83B3133C}.Debug|Any CPU.Build.0 = Debug|Any CPU
		{D777196F-E4AD-4FD1-ABBE-FB1F83B3133C}.Release|Any CPU.ActiveCfg = Release|Any CPU
		{D777196F-E4AD-4FD1-ABBE-FB1F83B3133C}.Release|Any CPU.Build.0 = Release|Any CPU
		{582C6265-1194-4A28-ADF8-743FBE4B4A4B}.Debug|Any CPU.ActiveCfg = Debug|Any CPU
		{582C6265-1194-4A28-ADF8-743FBE4B4A4B}.Debug|Any CPU.Build.0 = Debug|Any CPU
		{582C6265-1194-4A28-ADF8-743FBE4B4A4B}.Release|Any CPU.ActiveCfg = Release|Any CPU
		{582C6265-1194-4A28-ADF8-743FBE4B4A4B}.Release|Any CPU.Build.0 = Release|Any CPU
	EndGlobalSection
	GlobalSection(SolutionProperties) = preSolution
		HideSolutionNode = FALSE
	EndGlobalSection
	GlobalSection(ExtensibilityGlobals) = postSolution
		SolutionGuid = {703EA085-9BDC-4C98-B892-8F3D93CF54AE}
	EndGlobalSection
EndGlobal
